// !$*UTF8*$!
{
	archiveVersion = 1;
	classes = {
	};
	objectVersion = 50;
	objects = {

/* Begin PBXBuildFile section */
		00F868E0240196F20085854E /* AppDelegate.swift in Sources */ = {isa = PBXBuildFile; fileRef = 00F868DF240196F20085854E /* AppDelegate.swift */; };
		00F868E2240196F20085854E /* ViewController.swift in Sources */ = {isa = PBXBuildFile; fileRef = 00F868E1240196F20085854E /* ViewController.swift */; };
		00F868E5240196F20085854E /* Main.storyboard in Resources */ = {isa = PBXBuildFile; fileRef = 00F868E3240196F20085854E /* Main.storyboard */; };
		00F868E7240196F30085854E /* Assets.xcassets in Resources */ = {isa = PBXBuildFile; fileRef = 00F868E6240196F30085854E /* Assets.xcassets */; };
		00F868EA240196F30085854E /* LaunchScreen.storyboard in Resources */ = {isa = PBXBuildFile; fileRef = 00F868E8240196F30085854E /* LaunchScreen.storyboard */; };
		00F868F6240198190085854E /* APIService.swift in Sources */ = {isa = PBXBuildFile; fileRef = 00F868F5240198190085854E /* APIService.swift */; };
		00F868F82401982F0085854E /* content.json in Resources */ = {isa = PBXBuildFile; fileRef = 00F868F72401982F0085854E /* content.json */; };
		00F868FA2401985E0085854E /* Photo.swift in Sources */ = {isa = PBXBuildFile; fileRef = 00F868F92401985E0085854E /* Photo.swift */; };
		00F868FC2401988C0085854E /* PhotoListViewModel.swift in Sources */ = {isa = PBXBuildFile; fileRef = 00F868FB2401988C0085854E /* PhotoListViewModel.swift */; };
		00F868FF240198C60085854E /* PhotoListViewController.swift in Sources */ = {isa = PBXBuildFile; fileRef = 00F868FE240198C60085854E /* PhotoListViewController.swift */; };
		00F869032401991D0085854E /* PhotoDetailViewController.swift in Sources */ = {isa = PBXBuildFile; fileRef = 00F869022401991D0085854E /* PhotoDetailViewController.swift */; };
/* End PBXBuildFile section */

/* Begin PBXFileReference section */
		00F868DC240196F20085854E /* iOS-MVVM.app */ = {isa = PBXFileReference; explicitFileType = wrapper.application; includeInIndex = 0; path = "iOS-MVVM.app"; sourceTree = BUILT_PRODUCTS_DIR; };
		00F868DF240196F20085854E /* AppDelegate.swift */ = {isa = PBXFileReference; lastKnownFileType = sourcecode.swift; path = AppDelegate.swift; sourceTree = "<group>"; };
		00F868E1240196F20085854E /* ViewController.swift */ = {isa = PBXFileReference; lastKnownFileType = sourcecode.swift; path = ViewController.swift; sourceTree = "<group>"; };
		00F868E4240196F20085854E /* Base */ = {isa = PBXFileReference; lastKnownFileType = file.storyboard; name = Base; path = Base.lproj/Main.storyboard; sourceTree = "<group>"; };
		00F868E6240196F30085854E /* Assets.xcassets */ = {isa = PBXFileReference; lastKnownFileType = folder.assetcatalog; path = Assets.xcassets; sourceTree = "<group>"; };
		00F868E9240196F30085854E /* Base */ = {isa = PBXFileReference; lastKnownFileType = file.storyboard; name = Base; path = Base.lproj/LaunchScreen.storyboard; sourceTree = "<group>"; };
		00F868EB240196F30085854E /* Info.plist */ = {isa = PBXFileReference; lastKnownFileType = text.plist.xml; path = Info.plist; sourceTree = "<group>"; };
		00F868F5240198190085854E /* APIService.swift */ = {isa = PBXFileReference; lastKnownFileType = sourcecode.swift; path = APIService.swift; sourceTree = "<group>"; };
		00F868F72401982F0085854E /* content.json */ = {isa = PBXFileReference; fileEncoding = 4; lastKnownFileType = text.json; path = content.json; sourceTree = "<group>"; };
		00F868F92401985E0085854E /* Photo.swift */ = {isa = PBXFileReference; lastKnownFileType = sourcecode.swift; path = Photo.swift; sourceTree = "<group>"; };
		00F868FB2401988C0085854E /* PhotoListViewModel.swift */ = {isa = PBXFileReference; lastKnownFileType = sourcecode.swift; path = PhotoListViewModel.swift; sourceTree = "<group>"; };
		00F868FE240198C60085854E /* PhotoListViewController.swift */ = {isa = PBXFileReference; lastKnownFileType = sourcecode.swift; path = PhotoListViewController.swift; sourceTree = "<group>"; };
		00F869022401991D0085854E /* PhotoDetailViewController.swift */ = {isa = PBXFileReference; lastKnownFileType = sourcecode.swift; path = PhotoDetailViewController.swift; sourceTree = "<group>"; };
		3B3AC9B0ACDCC1C870FFB653 /* Pods-iOS-MVVM.debug.xcconfig */ = {isa = PBXFileReference; includeInIndex = 1; lastKnownFileType = text.xcconfig; name = "Pods-iOS-MVVM.debug.xcconfig"; path = "Target Support Files/Pods-iOS-MVVM/Pods-iOS-MVVM.debug.xcconfig"; sourceTree = "<group>"; };
		993C3A27B5F6D35154A5B083 /* Pods-iOS-MVVM.release.xcconfig */ = {isa = PBXFileReference; includeInIndex = 1; lastKnownFileType = text.xcconfig; name = "Pods-iOS-MVVM.release.xcconfig"; path = "Target Support Files/Pods-iOS-MVVM/Pods-iOS-MVVM.release.xcconfig"; sourceTree = "<group>"; };
/* End PBXFileReference section */

/* Begin PBXFrameworksBuildPhase section */
		00F868D9240196F20085854E /* Frameworks */ = {
			isa = PBXFrameworksBuildPhase;
			buildActionMask = 2147483647;
			files = (
			);
			runOnlyForDeploymentPostprocessing = 0;
		};
/* End PBXFrameworksBuildPhase section */

/* Begin PBXGroup section */
		00F868D3240196F20085854E = {
			isa = PBXGroup;
			children = (
				00F868DE240196F20085854E /* iOS-MVVM */,
				00F868DD240196F20085854E /* Products */,
				A1CF3537B385D525860E7B4C /* Pods */,
				D9FF6088781246E28924D9B9 /* Frameworks */,
			);
			sourceTree = "<group>";
		};
		00F868DD240196F20085854E /* Products */ = {
			isa = PBXGroup;
			children = (
				00F868DC240196F20085854E /* iOS-MVVM.app */,
			);
			name = Products;
			sourceTree = "<group>";
		};
		00F868DE240196F20085854E /* iOS-MVVM */ = {
			isa = PBXGroup;
			children = (
				00F868F4240197400085854E /* Service */,
				00F868F32401973E0085854E /* Model */,
				00F868F22401973B0085854E /* ViewModel */,
				00F868FD2401989D0085854E /* Controllers */,
				00F868F1240197390085854E /* Views */,
				00F868DF240196F20085854E /* AppDelegate.swift */,
				00F868E1240196F20085854E /* ViewController.swift */,
				00F868E3240196F20085854E /* Main.storyboard */,
				00F868E6240196F30085854E /* Assets.xcassets */,
				00F868E8240196F30085854E /* LaunchScreen.storyboard */,
				00F868EB240196F30085854E /* Info.plist */,
			);
			path = "iOS-MVVM";
			sourceTree = "<group>";
		};
		00F868F1240197390085854E /* Views */ = {
			isa = PBXGroup;
			children = (
			);
			path = Views;
			sourceTree = "<group>";
		};
		00F868F22401973B0085854E /* ViewModel */ = {
			isa = PBXGroup;
			children = (
				00F868FB2401988C0085854E /* PhotoListViewModel.swift */,
			);
			path = ViewModel;
			sourceTree = "<group>";
		};
		00F868F32401973E0085854E /* Model */ = {
			isa = PBXGroup;
			children = (
				00F868F92401985E0085854E /* Photo.swift */,
			);
			path = Model;
			sourceTree = "<group>";
		};
		00F868F4240197400085854E /* Service */ = {
			isa = PBXGroup;
			children = (
				00F868F5240198190085854E /* APIService.swift */,
				00F868F72401982F0085854E /* content.json */,
			);
			path = Service;
			sourceTree = "<group>";
		};
		00F868FD2401989D0085854E /* Controllers */ = {
			isa = PBXGroup;
			children = (
				00F86901240198E60085854E /* PhotoDetail */,
				00F86900240198D90085854E /* PhotoList */,
			);
			path = Controllers;
			sourceTree = "<group>";
		};
		00F86900240198D90085854E /* PhotoList */ = {
			isa = PBXGroup;
			children = (
				00F868FE240198C60085854E /* PhotoListViewController.swift */,
			);
			path = PhotoList;
			sourceTree = "<group>";
		};
		00F86901240198E60085854E /* PhotoDetail */ = {
			isa = PBXGroup;
			children = (
				00F869022401991D0085854E /* PhotoDetailViewController.swift */,
			);
			path = PhotoDetail;
			sourceTree = "<group>";
		};
		A1CF3537B385D525860E7B4C /* Pods */ = {
			isa = PBXGroup;
			children = (
				3B3AC9B0ACDCC1C870FFB653 /* Pods-iOS-MVVM.debug.xcconfig */,
				993C3A27B5F6D35154A5B083 /* Pods-iOS-MVVM.release.xcconfig */,
			);
			path = Pods;
			sourceTree = "<group>";
		};
		D9FF6088781246E28924D9B9 /* Frameworks */ = {
			isa = PBXGroup;
			children = (
			);
			name = Frameworks;
			sourceTree = "<group>";
		};
/* End PBXGroup section */

/* Begin PBXNativeTarget section */
		00F868DB240196F20085854E /* iOS-MVVM */ = {
			isa = PBXNativeTarget;
			buildConfigurationList = 00F868EE240196F30085854E /* Build configuration list for PBXNativeTarget "iOS-MVVM" */;
			buildPhases = (
				11DC46A8452B4DB737CBA585 /* [CP] Check Pods Manifest.lock */,
				00F868D8240196F20085854E /* Sources */,
				00F868D9240196F20085854E /* Frameworks */,
				00F868DA240196F20085854E /* Resources */,
			);
			buildRules = (
			);
			dependencies = (
			);
			name = "iOS-MVVM";
			productName = "iOS-MVVM";
			productReference = 00F868DC240196F20085854E /* iOS-MVVM.app */;
			productType = "com.apple.product-type.application";
		};
/* End PBXNativeTarget section */

/* Begin PBXProject section */
		00F868D4240196F20085854E /* Project object */ = {
			isa = PBXProject;
			attributes = {
				LastSwiftUpdateCheck = 1020;
				LastUpgradeCheck = 1020;
				ORGANIZATIONNAME = "Inaldo's Software Development";
				TargetAttributes = {
					00F868DB240196F20085854E = {
						CreatedOnToolsVersion = 10.2.1;
					};
				};
			};
			buildConfigurationList = 00F868D7240196F20085854E /* Build configuration list for PBXProject "iOS-MVVM" */;
			compatibilityVersion = "Xcode 9.3";
			developmentRegion = en;
			hasScannedForEncodings = 0;
			knownRegions = (
				en,
				Base,
			);
			mainGroup = 00F868D3240196F20085854E;
			productRefGroup = 00F868DD240196F20085854E /* Products */;
			projectDirPath = "";
			projectRoot = "";
			targets = (
				00F868DB240196F20085854E /* iOS-MVVM */,
			);
		};
/* End PBXProject section */

/* Begin PBXResourcesBuildPhase section */
		00F868DA240196F20085854E /* Resources */ = {
			isa = PBXResourcesBuildPhase;
			buildActionMask = 2147483647;
			files = (
				00F868EA240196F30085854E /* LaunchScreen.storyboard in Resources */,
				00F868E7240196F30085854E /* Assets.xcassets in Resources */,
				00F868E5240196F20085854E /* Main.storyboard in Resources */,
				00F868F82401982F0085854E /* content.json in Resources */,
			);
			runOnlyForDeploymentPostprocessing = 0;
		};
/* End PBXResourcesBuildPhase section */

/* Begin PBXShellScriptBuildPhase section */
		11DC46A8452B4DB737CBA585 /* [CP] Check Pods Manifest.lock */ = {
			isa = PBXShellScriptBuildPhase;
			buildActionMask = 2147483647;
			files = (
			);
			inputFileListPaths = (
			);
			inputPaths = (
				"${PODS_PODFILE_DIR_PATH}/Podfile.lock",
				"${PODS_ROOT}/Manifest.lock",
			);
			name = "[CP] Check Pods Manifest.lock";
			outputFileListPaths = (
			);
			outputPaths = (
				"$(DERIVED_FILE_DIR)/Pods-iOS-MVVM-checkManifestLockResult.txt",
			);
			runOnlyForDeploymentPostprocessing = 0;
			shellPath = /bin/sh;
			shellScript = "diff \"${PODS_PODFILE_DIR_PATH}/Podfile.lock\" \"${PODS_ROOT}/Manifest.lock\" > /dev/null\nif [ $? != 0 ] ; then\n    # print error to STDERR\n    echo \"error: The sandbox is not in sync with the Podfile.lock. Run 'pod install' or update your CocoaPods installation.\" >&2\n    exit 1\nfi\n# This output is used by Xcode 'outputs' to avoid re-running this script phase.\necho \"SUCCESS\" > \"${SCRIPT_OUTPUT_FILE_0}\"\n";
			showEnvVarsInLog = 0;
		};
/* End PBXShellScriptBuildPhase section */

/* Begin PBXSourcesBuildPhase section */
		00F868D8240196F20085854E /* Sources */ = {
			isa = PBXSourcesBuildPhase;
			buildActionMask = 2147483647;
			files = (
				00F868FA2401985E0085854E /* Photo.swift in Sources */,
				00F868E2240196F20085854E /* ViewController.swift in Sources */,
				00F868F6240198190085854E /* APIService.swift in Sources */,
				00F869032401991D0085854E /* PhotoDetailViewController.swift in Sources */,
				00F868FC2401988C0085854E /* PhotoListViewModel.swift in Sources */,
				00F868E0240196F20085854E /* AppDelegate.swift in Sources */,
				00F868FF240198C60085854E /* PhotoListViewController.swift in Sources */,
			);
			runOnlyForDeploymentPostprocessing = 0;
		};
/* End PBXSourcesBuildPhase section */

/* Begin PBXVariantGroup section */
		00F868E3240196F20085854E /* Main.storyboard */ = {
			isa = PBXVariantGroup;
			children = (
				00F868E4240196F20085854E /* Base */,
			);
			name = Main.storyboard;
			sourceTree = "<group>";
		};
		00F868E8240196F30085854E /* LaunchScreen.storyboard */ = {
			isa = PBXVariantGroup;
			children = (
				00F868E9240196F30085854E /* Base */,
			);
			name = LaunchScreen.storyboard;
			sourceTree = "<group>";
		};
/* End PBXVariantGroup section */

/* Begin XCBuildConfiguration section */
		00F868EC240196F30085854E /* Debug */ = {
			isa = XCBuildConfiguration;
			buildSettings = {
				ALWAYS_SEARCH_USER_PATHS = NO;
				CLANG_ANALYZER_NONNULL = YES;
				CLANG_ANALYZER_NUMBER_OBJECT_CONVERSION = YES_AGGRESSIVE;
				CLANG_CXX_LANGUAGE_STANDARD = "gnu++14";
				CLANG_CXX_LIBRARY = "libc++";
				CLANG_ENABLE_MODULES = YES;
				CLANG_ENABLE_OBJC_ARC = YES;
				CLANG_ENABLE_OBJC_WEAK = YES;
				CLANG_WARN_BLOCK_CAPTURE_AUTORELEASING = YES;
				CLANG_WARN_BOOL_CONVERSION = YES;
				CLANG_WARN_COMMA = YES;
				CLANG_WARN_CONSTANT_CONVERSION = YES;
				CLANG_WARN_DEPRECATED_OBJC_IMPLEMENTATIONS = YES;
				CLANG_WARN_DIRECT_OBJC_ISA_USAGE = YES_ERROR;
				CLANG_WARN_DOCUMENTATION_COMMENTS = YES;
				CLANG_WARN_EMPTY_BODY = YES;
				CLANG_WARN_ENUM_CONVERSION = YES;
				CLANG_WARN_INFINITE_RECURSION = YES;
				CLANG_WARN_INT_CONVERSION = YES;
				CLANG_WARN_NON_LITERAL_NULL_CONVERSION = YES;
				CLANG_WARN_OBJC_IMPLICIT_RETAIN_SELF = YES;
				CLANG_WARN_OBJC_LITERAL_CONVERSION = YES;
				CLANG_WARN_OBJC_ROOT_CLASS = YES_ERROR;
				CLANG_WARN_RANGE_LOOP_ANALYSIS = YES;
				CLANG_WARN_STRICT_PROTOTYPES = YES;
				CLANG_WARN_SUSPICIOUS_MOVE = YES;
				CLANG_WARN_UNGUARDED_AVAILABILITY = YES_AGGRESSIVE;
				CLANG_WARN_UNREACHABLE_CODE = YES;
				CLANG_WARN__DUPLICATE_METHOD_MATCH = YES;
				CODE_SIGN_IDENTITY = "iPhone Developer";
				COPY_PHASE_STRIP = NO;
				DEBUG_INFORMATION_FORMAT = dwarf;
				ENABLE_STRICT_OBJC_MSGSEND = YES;
				ENABLE_TESTABILITY = YES;
				GCC_C_LANGUAGE_STANDARD = gnu11;
				GCC_DYNAMIC_NO_PIC = NO;
				GCC_NO_COMMON_BLOCKS = YES;
				GCC_OPTIMIZATION_LEVEL = 0;
				GCC_PREPROCESSOR_DEFINITIONS = (
					"DEBUG=1",
					"$(inherited)",
				);
				GCC_WARN_64_TO_32_BIT_CONVERSION = YES;
				GCC_WARN_ABOUT_RETURN_TYPE = YES_ERROR;
				GCC_WARN_UNDECLARED_SELECTOR = YES;
				GCC_WARN_UNINITIALIZED_AUTOS = YES_AGGRESSIVE;
				GCC_WARN_UNUSED_FUNCTION = YES;
				GCC_WARN_UNUSED_VARIABLE = YES;
				IPHONEOS_DEPLOYMENT_TARGET = 12.2;
				MTL_ENABLE_DEBUG_INFO = INCLUDE_SOURCE;
				MTL_FAST_MATH = YES;
				ONLY_ACTIVE_ARCH = YES;
				SDKROOT = iphoneos;
				SWIFT_ACTIVE_COMPILATION_CONDITIONS = DEBUG;
				SWIFT_OPTIMIZATION_LEVEL = "-Onone";
			};
			name = Debug;
		};
		00F868ED240196F30085854E /* Release */ = {
			isa = XCBuildConfiguration;
			buildSettings = {
				ALWAYS_SEARCH_USER_PATHS = NO;
				CLANG_ANALYZER_NONNULL = YES;
				CLANG_ANALYZER_NUMBER_OBJECT_CONVERSION = YES_AGGRESSIVE;
				CLANG_CXX_LANGUAGE_STANDARD = "gnu++14";
				CLANG_CXX_LIBRARY = "libc++";
				CLANG_ENABLE_MODULES = YES;
				CLANG_ENABLE_OBJC_ARC = YES;
				CLANG_ENABLE_OBJC_WEAK = YES;
				CLANG_WARN_BLOCK_CAPTURE_AUTORELEASING = YES;
				CLANG_WARN_BOOL_CONVERSION = YES;
				CLANG_WARN_COMMA = YES;
				CLANG_WARN_CONSTANT_CONVERSION = YES;
				CLANG_WARN_DEPRECATED_OBJC_IMPLEMENTATIONS = YES;
				CLANG_WARN_DIRECT_OBJC_ISA_USAGE = YES_ERROR;
				CLANG_WARN_DOCUMENTATION_COMMENTS = YES;
				CLANG_WARN_EMPTY_BODY = YES;
				CLANG_WARN_ENUM_CONVERSION = YES;
				CLANG_WARN_INFINITE_RECURSION = YES;
				CLANG_WARN_INT_CONVERSION = YES;
				CLANG_WARN_NON_LITERAL_NULL_CONVERSION = YES;
				CLANG_WARN_OBJC_IMPLICIT_RETAIN_SELF = YES;
				CLANG_WARN_OBJC_LITERAL_CONVERSION = YES;
				CLANG_WARN_OBJC_ROOT_CLASS = YES_ERROR;
				CLANG_WARN_RANGE_LOOP_ANALYSIS = YES;
				CLANG_WARN_STRICT_PROTOTYPES = YES;
				CLANG_WARN_SUSPICIOUS_MOVE = YES;
				CLANG_WARN_UNGUARDED_AVAILABILITY = YES_AGGRESSIVE;
				CLANG_WARN_UNREACHABLE_CODE = YES;
				CLANG_WARN__DUPLICATE_METHOD_MATCH = YES;
				CODE_SIGN_IDENTITY = "iPhone Developer";
				COPY_PHASE_STRIP = NO;
				DEBUG_INFORMATION_FORMAT = "dwarf-with-dsym";
				ENABLE_NS_ASSERTIONS = NO;
				ENABLE_STRICT_OBJC_MSGSEND = YES;
				GCC_C_LANGUAGE_STANDARD = gnu11;
				GCC_NO_COMMON_BLOCKS = YES;
				GCC_WARN_64_TO_32_BIT_CONVERSION = YES;
				GCC_WARN_ABOUT_RETURN_TYPE = YES_ERROR;
				GCC_WARN_UNDECLARED_SELECTOR = YES;
				GCC_WARN_UNINITIALIZED_AUTOS = YES_AGGRESSIVE;
				GCC_WARN_UNUSED_FUNCTION = YES;
				GCC_WARN_UNUSED_VARIABLE = YES;
				IPHONEOS_DEPLOYMENT_TARGET = 12.2;
				MTL_ENABLE_DEBUG_INFO = NO;
				MTL_FAST_MATH = YES;
				SDKROOT = iphoneos;
				SWIFT_COMPILATION_MODE = wholemodule;
				SWIFT_OPTIMIZATION_LEVEL = "-O";
				VALIDATE_PRODUCT = YES;
			};
			name = Release;
		};
		00F868EF240196F30085854E /* Debug */ = {
			isa = XCBuildConfiguration;
			baseConfigurationReference = 3B3AC9B0ACDCC1C870FFB653 /* Pods-iOS-MVVM.debug.xcconfig */;
			buildSettings = {
				ASSETCATALOG_COMPILER_APPICON_NAME = AppIcon;
				CODE_SIGN_STYLE = Automatic;
				DEVELOPMENT_TEAM = RP3J94A3ZR;
				INFOPLIST_FILE = "iOS-MVVM/Info.plist";
				IPHONEOS_DEPLOYMENT_TARGET = 12.1;
				LD_RUNPATH_SEARCH_PATHS = (
					"$(inherited)",
					"@executable_path/Frameworks",
				);
				PRODUCT_BUNDLE_IDENTIFIER = "com.inaldoribeiro.iOS-MVVM";
				PRODUCT_NAME = "$(TARGET_NAME)";
				SWIFT_VERSION = 5.0;
				TARGETED_DEVICE_FAMILY = "1,2";
			};
			name = Debug;
		};
		00F868F0240196F30085854E /* Release */ = {
			isa = XCBuildConfiguration;
			baseConfigurationReference = 993C3A27B5F6D35154A5B083 /* Pods-iOS-MVVM.release.xcconfig */;
			buildSettings = {
				ASSETCATALOG_COMPILER_APPICON_NAME = AppIcon;
				CODE_SIGN_STYLE = Automatic;
				DEVELOPMENT_TEAM = RP3J94A3ZR;
				INFOPLIST_FILE = "iOS-MVVM/Info.plist";
				IPHONEOS_DEPLOYMENT_TARGET = 12.1;
				LD_RUNPATH_SEARCH_PATHS = (
					"$(inherited)",
					"@executable_path/Frameworks",
				);
				PRODUCT_BUNDLE_IDENTIFIER = "com.inaldoribeiro.iOS-MVVM";
				PRODUCT_NAME = "$(TARGET_NAME)";
				SWIFT_VERSION = 5.0;
				TARGETED_DEVICE_FAMILY = "1,2";
			};
			name = Release;
		};
/* End XCBuildConfiguration section */

/* Begin XCConfigurationList section */
		00F868D7240196F20085854E /* Build configuration list for PBXProject "iOS-MVVM" */ = {
			isa = XCConfigurationList;
			buildConfigurations = (
				00F868EC240196F30085854E /* Debug */,
				00F868ED240196F30085854E /* Release */,
			);
			defaultConfigurationIsVisible = 0;
			defaultConfigurationName = Release;
		};
		00F868EE240196F30085854E /* Build configuration list for PBXNativeTarget "iOS-MVVM" */ = {
			isa = XCConfigurationList;
			buildConfigurations = (
				00F868EF240196F30085854E /* Debug */,
				00F868F0240196F30085854E /* Release */,
			);
			defaultConfigurationIsVisible = 0;
			defaultConfigurationName = Release;
		};
/* End XCConfigurationList section */
	};
	rootObject = 00F868D4240196F20085854E /* Project object */;
}
